{
  "name": "testing",
  "version": "1.0.0",
  "lockfileVersion": 3,
  "requires": true,
  "packages": {
    "": {
      "name": "testing",
      "version": "1.0.0",
      "license": "ISC",
      "dependencies": {
        "@blnkfinance/blnk-typescript": "file:.."
      }
    },
    "..": {
      "name": "@blnkfinance/blnk-typescript",
      "version": "1.0.0",
      "license": "MIT",
      "dependencies": {
        "form-data": "^4.0.0",
        "node-fetch": "^3.3.2"
      },
      "devDependencies": {
        "@types/node": "20.12.7",
        "gts": "^5.3.1",
        "prettier": "^3.3.3",
        "tap": "^21.0.1",
        "typescript": "^5.4.3"
      }
    },
    "node_modules/@blnkfinance/blnk-typescript": {
      "resolved": "..",
      "link": true
    }
  }
}
